{
  "name": "backend",
  "version": "1.0.0",
  "lockfileVersion": 3,
  "requires": true,
  "packages": {
    "": {
      "name": "backend",
      "version": "1.0.0",
      "license": "ISC",
      "dependencies": {
        "dotenv": "^17.2.3"
      },
      "devDependencies": {
        "dbmate": "^2.29.3"
      }
    },
    "node_modules/@dbmate/darwin-arm64": {
      "version": "2.29.3",
      "resolved": "https://registry.npmjs.org/@dbmate/darwin-arm64/-/darwin-arm64-2.29.3.tgz",
      "integrity": "sha512-kdtKZqT/NhapBqYKwp42eYA2AQam2FeZLwpWJyrZtGDpWGYL7A1Zrgef44efg/xNTH90LlMQaKQCG+FFKZxi5g==",
      "cpu": [
        "arm64"
      ],
      "dev": true,
      "license": "MIT",
      "optional": true,
      "os": [
        "darwin"
      ]
    },
    "node_modules/@dbmate/darwin-x64": {
      "version": "2.29.3",
      "resolved": "https://registry.npmjs.org/@dbmate/darwin-x64/-/darwin-x64-2.29.3.tgz",
      "integrity": "sha512-IL3PvKl7Sf5OUapCrsgTvqObFloacc66ANyus8zOr8fp8wtreSrlu/S4MaGavmun0JFIfot8N33x1Nx2PjB9pA==",
      "cpu": [
        "x64"
      ],
      "dev": true,
      "license": "MIT",
      "optional": true,
      "os": [
        "darwin"
      ]
    },
    "node_modules/@dbmate/linux-arm": {
      "version": "2.29.3",
      "resolved": "https://registry.npmjs.org/@dbmate/linux-arm/-/linux-arm-2.29.3.tgz",
      "integrity": "sha512-RcOmoI8Nr//8a2dYgWymHhZs/PNU1oGbXOictjWKri12qkoWhYFEg/GpZiaErhHVW0tt/6V6udwhDBqlCQ7C/w==",
      "cpu": [
        "arm"
      ],
      "dev": true,
      "license": "MIT",
      "optional": true,
      "os": [
        "linux"
      ]
    },
    "node_modules/@dbmate/linux-arm64": {
      "version": "2.29.3",
      "resolved": "https://registry.npmjs.org/@dbmate/linux-arm64/-/linux-arm64-2.29.3.tgz",
      "integrity": "sha512-M/UTLq0NIDCmr3gcEdpwG5wdECaoy9C+HO4FIqjh337Gs71kHE+NAR55KK9VJm5fBlMQ6f24etAIsYTXki53nw==",
      "cpu": [
        "arm64"
      ],
      "dev": true,
      "license": "MIT",
      "optional": true,
      "os": [
        "linux"
      ]
    },
    "node_modules/@dbmate/linux-ia32": {
      "version": "2.29.3",
      "resolved": "https://registry.npmjs.org/@dbmate/linux-ia32/-/linux-ia32-2.29.3.tgz",
      "integrity": "sha512-byDXnz/E6utja1AEc279CiwOEEwmpZlFQujKRBbwTL6kasp1J2QLqhC9o9P2SusEIuuaur7QsDfzLj7i/+HAng==",
      "cpu": [
        "ia32"
      ],
      "dev": true,
      "license": "MIT",
      "optional": true,
      "os": [
        "linux"
      ]
    },
    "node_modules/@dbmate/linux-x64": {
      "version": "2.29.3",
      "resolved": "https://registry.npmjs.org/@dbmate/linux-x64/-/linux-x64-2.29.3.tgz",
      "integrity": "sha512-+pxAnwK1sfj3pyAlk+LYzmt8hCf/ldcxHZi/LtN5Y0yZBy8QXhdcQsEcguE7fQ/stHlWA7ELoa+4AeiO+q9KbQ==",
      "cpu": [
        "x64"
      ],
      "dev": true,
      "license": "MIT",
      "optional": true,
      "os": [
        "linux"
      ]
    },
    "node_modules/@dbmate/win32-x64": {
      "version": "2.29.3",
      "resolved": "https://registry.npmjs.org/@dbmate/win32-x64/-/win32-x64-2.29.3.tgz",
      "integrity": "sha512-VAmZP9hUzZMAJFnhmSe/6TGBu8vjuOnmcyy79Dg41z/0v9HsIjniC/e6hTY8d6OQel+76OvQxYJEKIT7UMjwMw==",
      "cpu": [
        "x64"
      ],
      "dev": true,
      "license": "MIT",
      "optional": true,
      "os": [
        "win32"
      ]
    },
    "node_modules/dbmate": {
      "version": "2.29.3",
      "resolved": "https://registry.npmjs.org/dbmate/-/dbmate-2.29.3.tgz",
      "integrity": "sha512-BpbIVLdFlVhRMMZF15h6+4pzNAHIZaT+whSlGm1KhgvrUtBUf/SFC2cMj7KA4MqOuEMiM0wv1zDJciQl3CswUQ==",
      "dev": true,
      "license": "MIT",
      "bin": {
        "dbmate": "dist/cli.js"
      },
      "optionalDependencies": {
        "@dbmate/darwin-arm64": "2.29.3",
        "@dbmate/darwin-x64": "2.29.3",
        "@dbmate/linux-arm": "2.29.3",
        "@dbmate/linux-arm64": "2.29.3",
        "@dbmate/linux-ia32": "2.29.3",
        "@dbmate/linux-x64": "2.29.3",
        "@dbmate/win32-x64": "2.29.3"
      }
    },
    "node_modules/dotenv": {
      "version": "17.2.3",
      "resolved": "https://registry.npmjs.org/dotenv/-/dotenv-17.2.3.tgz",
      "integrity": "sha512-JVUnt+DUIzu87TABbhPmNfVdBDt18BLOWjMUFJMSi/Qqg7NTYtabbvSNJGOJ7afbRuv9D/lngizHtP7QyLQ+9w==",
      "license": "BSD-2-Clause",
      "engines": {
        "node": ">=12"
      },
      "funding": {
        "url": "https://dotenvx.com"
      }
    }
  }
}
